
Microsoft Visual Studio Solution File, Format Version 12.00
# Visual Studio Version 17
VisualStudioVersion = 17.9.34723.18
MinimumVisualStudioVersion = 10.0.40219.1
Project("{FAE04EC0-301F-11D3-BF4B-00C04F79EFBC}") = "TESTIDENTITY", "TESTIDENTITY\TESTIDENTITY.csproj", "{BFA89C45-9409-4817-936A-97C177BCFC3D}"
EndProject
Global
	GlobalSection(SolutionConfigurationPlatforms) = preSolution
		Debug|Any CPU = Debug|Any CPU
		Release|Any CPU = Release|Any CPU
	EndGlobalSection
	GlobalSection(ProjectConfigurationPlatforms) = postSolution
		{BFA89C45-9409-4817-936A-97C177BCFC3D}.Debug|Any CPU.ActiveCfg = Debug|Any CPU
		{BFA89C45-9409-4817-936A-97C177BCFC3D}.Debug|Any CPU.Build.0 = Debug|Any CPU
		{BFA89C45-9409-4817-936A-97C177BCFC3D}.Release|Any CPU.ActiveCfg = Release|Any CPU
		{BFA89C45-9409-4817-936A-97C177BCFC3D}.Release|Any CPU.Build.0 = Release|Any CPU
	EndGlobalSection
	GlobalSection(SolutionProperties) = preSolution
		HideSolutionNode = FALSE
	EndGlobalSection
	GlobalSection(ExtensibilityGlobals) = postSolution
		SolutionGuid = {F1383ABB-1662-4E6C-BA23-2BFE0A4D0828}
	EndGlobalSection
EndGlobal
